
Microsoft Visual Studio Solution File, Format Version 12.00
# Visual Studio 2015
Project("{FAE04EC0-301F-11D3-BF4B-00C04F79EFBC}") = "Entitas-TileMapSystem.CSharp", "Entitas-TileMapSystem.CSharp.csproj", "{CCE6052E-D6EB-D1B7-09FE-28A5E7773C59}"
EndProject
Project("{FAE04EC0-301F-11D3-BF4B-00C04F79EFBC}") = "Entitas-TileMapSystem.CSharp.Editor", "Entitas-TileMapSystem.CSharp.Editor.csproj", "{65F33D9D-6B07-F5B7-767E-B0113575A94F}"
EndProject
Global
	GlobalSection(SolutionConfigurationPlatforms) = preSolution
		Debug|Any CPU = Debug|Any CPU
		Release|Any CPU = Release|Any CPU
	EndGlobalSection
	GlobalSection(ProjectConfigurationPlatforms) = postSolution
		{CCE6052E-D6EB-D1B7-09FE-28A5E7773C59}.Debug|Any CPU.ActiveCfg = Debug|Any CPU
		{CCE6052E-D6EB-D1B7-09FE-28A5E7773C59}.Debug|Any CPU.Build.0 = Debug|Any CPU
		{CCE6052E-D6EB-D1B7-09FE-28A5E7773C59}.Release|Any CPU.ActiveCfg = Release|Any CPU
		{CCE6052E-D6EB-D1B7-09FE-28A5E7773C59}.Release|Any CPU.Build.0 = Release|Any CPU
		{65F33D9D-6B07-F5B7-767E-B0113575A94F}.Debug|Any CPU.ActiveCfg = Debug|Any CPU
		{65F33D9D-6B07-F5B7-767E-B0113575A94F}.Debug|Any CPU.Build.0 = Debug|Any CPU
		{65F33D9D-6B07-F5B7-767E-B0113575A94F}.Release|Any CPU.ActiveCfg = Release|Any CPU
		{65F33D9D-6B07-F5B7-767E-B0113575A94F}.Release|Any CPU.Build.0 = Release|Any CPU
	EndGlobalSection
	GlobalSection(SolutionProperties) = preSolution
		HideSolutionNode = FALSE
	EndGlobalSection
EndGlobal
